
Microsoft Visual Studio Solution File, Format Version 12.00
# Visual Studio Version 16
VisualStudioVersion = 16.0.30503.244
MinimumVisualStudioVersion = 10.0.40219.1
Project("{FAE04EC0-301F-11D3-BF4B-00C04F79EFBC}") = "Presentation.Console", "SecurePasswordStorage.ConsoleApplication\Presentation.Console.csproj", "{F809C178-BAAF-43CC-992F-9B382FFC47AD}"
EndProject
Project("{00D1A9C2-B5F0-4AF3-8072-F6C62B433612}") = "Database", "SecurePasswordStorage.Database\Database.sqlproj", "{48BCDC33-8759-4C0D-A412-AE1DBF7CA6BB}"
EndProject
Project("{FAE04EC0-301F-11D3-BF4B-00C04F79EFBC}") = "BusinessLogic.Library", "SecurePasswordStorage.BusinessLogic.Library\BusinessLogic.Library.csproj", "{6E0CEEA6-5DE7-4597-82C5-634B0C429B6C}"
EndProject
Project("{FAE04EC0-301F-11D3-BF4B-00C04F79EFBC}") = "DataAccess.Library", "SecurePasswordStorage.DataAccess.Library\DataAccess.Library.csproj", "{BD29C038-981D-4AD3-BCD2-B59ABD946B3E}"
EndProject
Global
	GlobalSection(SolutionConfigurationPlatforms) = preSolution
		Debug|Any CPU = Debug|Any CPU
		Release|Any CPU = Release|Any CPU
	EndGlobalSection
	GlobalSection(ProjectConfigurationPlatforms) = postSolution
		{F809C178-BAAF-43CC-992F-9B382FFC47AD}.Debug|Any CPU.ActiveCfg = Debug|Any CPU
		{F809C178-BAAF-43CC-992F-9B382FFC47AD}.Debug|Any CPU.Build.0 = Debug|Any CPU
		{F809C178-BAAF-43CC-992F-9B382FFC47AD}.Release|Any CPU.ActiveCfg = Release|Any CPU
		{F809C178-BAAF-43CC-992F-9B382FFC47AD}.Release|Any CPU.Build.0 = Release|Any CPU
		{48BCDC33-8759-4C0D-A412-AE1DBF7CA6BB}.Debug|Any CPU.ActiveCfg = Debug|Any CPU
		{48BCDC33-8759-4C0D-A412-AE1DBF7CA6BB}.Debug|Any CPU.Build.0 = Debug|Any CPU
		{48BCDC33-8759-4C0D-A412-AE1DBF7CA6BB}.Debug|Any CPU.Deploy.0 = Debug|Any CPU
		{48BCDC33-8759-4C0D-A412-AE1DBF7CA6BB}.Release|Any CPU.ActiveCfg = Release|Any CPU
		{48BCDC33-8759-4C0D-A412-AE1DBF7CA6BB}.Release|Any CPU.Build.0 = Release|Any CPU
		{48BCDC33-8759-4C0D-A412-AE1DBF7CA6BB}.Release|Any CPU.Deploy.0 = Release|Any CPU
		{6E0CEEA6-5DE7-4597-82C5-634B0C429B6C}.Debug|Any CPU.ActiveCfg = Debug|Any CPU
		{6E0CEEA6-5DE7-4597-82C5-634B0C429B6C}.Debug|Any CPU.Build.0 = Debug|Any CPU
		{6E0CEEA6-5DE7-4597-82C5-634B0C429B6C}.Release|Any CPU.ActiveCfg = Release|Any CPU
		{6E0CEEA6-5DE7-4597-82C5-634B0C429B6C}.Release|Any CPU.Build.0 = Release|Any CPU
		{BD29C038-981D-4AD3-BCD2-B59ABD946B3E}.Debug|Any CPU.ActiveCfg = Debug|Any CPU
		{BD29C038-981D-4AD3-BCD2-B59ABD946B3E}.Debug|Any CPU.Build.0 = Debug|Any CPU
		{BD29C038-981D-4AD3-BCD2-B59ABD946B3E}.Release|Any CPU.ActiveCfg = Release|Any CPU
		{BD29C038-981D-4AD3-BCD2-B59ABD946B3E}.Release|Any CPU.Build.0 = Release|Any CPU
	EndGlobalSection
	GlobalSection(SolutionProperties) = preSolution
		HideSolutionNode = FALSE
	EndGlobalSection
	GlobalSection(ExtensibilityGlobals) = postSolution
		SolutionGuid = {4FB21120-DBC6-4FC2-8C86-97ADDF36A6EB}
	EndGlobalSection
EndGlobal
